
Microsoft Visual Studio Solution File, Format Version 12.00
# Visual Studio Version 17
VisualStudioVersion = 17.0.31903.59
MinimumVisualStudioVersion = 10.0.40219.1
Project("{FAE04EC0-301F-11D3-BF4B-00C04F79EFBC}") = "UserService", "UserService\UserService.csproj", "{67E5709B-5660-4204-B34E-BACA59C341FC}"
EndProject
Project("{FAE04EC0-301F-11D3-BF4B-00C04F79EFBC}") = "Shared", "Shared\Shared.csproj", "{8772149E-032C-42F3-BC05-18F030A4E99A}"
EndProject
Project("{FAE04EC0-301F-11D3-BF4B-00C04F79EFBC}") = "AgentService", "AgentService\AgentService.csproj", "{A52948C4-3ECB-4750-81B3-505379D0BE8C}"
EndProject
Project("{FAE04EC0-301F-11D3-BF4B-00C04F79EFBC}") = "CommunicationService", "CommunicationService\CommunicationService.csproj", "{50696A32-DB39-4C4C-8978-297D2F3C0735}"
EndProject
Project("{FAE04EC0-301F-11D3-BF4B-00C04F79EFBC}") = "TicketService", "TicketService\TicketService.csproj", "{70CF76FA-FCD5-48EF-B87A-B23AB312A8E2}"
EndProject
Global
	GlobalSection(SolutionConfigurationPlatforms) = preSolution
		Debug|Any CPU = Debug|Any CPU
		Release|Any CPU = Release|Any CPU
	EndGlobalSection
	GlobalSection(SolutionProperties) = preSolution
		HideSolutionNode = FALSE
	EndGlobalSection
	GlobalSection(ProjectConfigurationPlatforms) = postSolution
		{67E5709B-5660-4204-B34E-BACA59C341FC}.Debug|Any CPU.ActiveCfg = Debug|Any CPU
		{67E5709B-5660-4204-B34E-BACA59C341FC}.Debug|Any CPU.Build.0 = Debug|Any CPU
		{67E5709B-5660-4204-B34E-BACA59C341FC}.Release|Any CPU.ActiveCfg = Release|Any CPU
		{67E5709B-5660-4204-B34E-BACA59C341FC}.Release|Any CPU.Build.0 = Release|Any CPU
		{8772149E-032C-42F3-BC05-18F030A4E99A}.Debug|Any CPU.ActiveCfg = Debug|Any CPU
		{8772149E-032C-42F3-BC05-18F030A4E99A}.Debug|Any CPU.Build.0 = Debug|Any CPU
		{8772149E-032C-42F3-BC05-18F030A4E99A}.Release|Any CPU.ActiveCfg = Release|Any CPU
		{8772149E-032C-42F3-BC05-18F030A4E99A}.Release|Any CPU.Build.0 = Release|Any CPU
		{A52948C4-3ECB-4750-81B3-505379D0BE8C}.Debug|Any CPU.ActiveCfg = Debug|Any CPU
		{A52948C4-3ECB-4750-81B3-505379D0BE8C}.Debug|Any CPU.Build.0 = Debug|Any CPU
		{A52948C4-3ECB-4750-81B3-505379D0BE8C}.Release|Any CPU.ActiveCfg = Release|Any CPU
		{A52948C4-3ECB-4750-81B3-505379D0BE8C}.Release|Any CPU.Build.0 = Release|Any CPU
		{50696A32-DB39-4C4C-8978-297D2F3C0735}.Debug|Any CPU.ActiveCfg = Debug|Any CPU
		{50696A32-DB39-4C4C-8978-297D2F3C0735}.Debug|Any CPU.Build.0 = Debug|Any CPU
		{50696A32-DB39-4C4C-8978-297D2F3C0735}.Release|Any CPU.ActiveCfg = Release|Any CPU
		{50696A32-DB39-4C4C-8978-297D2F3C0735}.Release|Any CPU.Build.0 = Release|Any CPU
		{70CF76FA-FCD5-48EF-B87A-B23AB312A8E2}.Debug|Any CPU.ActiveCfg = Debug|Any CPU
		{70CF76FA-FCD5-48EF-B87A-B23AB312A8E2}.Debug|Any CPU.Build.0 = Debug|Any CPU
		{70CF76FA-FCD5-48EF-B87A-B23AB312A8E2}.Release|Any CPU.ActiveCfg = Release|Any CPU
		{70CF76FA-FCD5-48EF-B87A-B23AB312A8E2}.Release|Any CPU.Build.0 = Release|Any CPU
	EndGlobalSection
EndGlobal
